
Microsoft Visual Studio Solution File, Format Version 12.00
# Visual Studio Version 17
VisualStudioVersion = 17.7.34003.232
MinimumVisualStudioVersion = 10.0.40219.1
Project("{FAE04EC0-301F-11D3-BF4B-00C04F79EFBC}") = "coreEFCDBFirst", "coreEFCDBFirst.csproj", "{4DDA2EBD-223E-4832-9DAE-50FCD8EE68C3}"
EndProject
Global
	GlobalSection(SolutionConfigurationPlatforms) = preSolution
		Debug|Any CPU = Debug|Any CPU
		Release|Any CPU = Release|Any CPU
	EndGlobalSection
	GlobalSection(ProjectConfigurationPlatforms) = postSolution
		{4DDA2EBD-223E-4832-9DAE-50FCD8EE68C3}.Debug|Any CPU.ActiveCfg = Debug|Any CPU
		{4DDA2EBD-223E-4832-9DAE-50FCD8EE68C3}.Debug|Any CPU.Build.0 = Debug|Any CPU
		{4DDA2EBD-223E-4832-9DAE-50FCD8EE68C3}.Release|Any CPU.ActiveCfg = Release|Any CPU
		{4DDA2EBD-223E-4832-9DAE-50FCD8EE68C3}.Release|Any CPU.Build.0 = Release|Any CPU
	EndGlobalSection
	GlobalSection(SolutionProperties) = preSolution
		HideSolutionNode = FALSE
	EndGlobalSection
	GlobalSection(ExtensibilityGlobals) = postSolution
		SolutionGuid = {598B87DF-D069-4637-828C-33537F5FF7B9}
	EndGlobalSection
EndGlobal
