
Microsoft Visual Studio Solution File, Format Version 12.00
# Visual Studio Version 17
VisualStudioVersion = 17.7.34009.444
MinimumVisualStudioVersion = 10.0.40219.1
Project("{FAE04EC0-301F-11D3-BF4B-00C04F79EFBC}") = "coreWEBAPIClient", "coreWEBAPIClient.csproj", "{7F4F8DED-DD90-42E0-B2D5-1BCED27C2C76}"
EndProject
Project("{9A19103F-16F7-4668-BE54-9A1E7A4F7556}") = "ASPNETDemo", "..\ASPNETDemo\ASPNETDemo.csproj", "{6E68D175-217B-43C3-AD5C-2DE21D071612}"
EndProject
Global
	GlobalSection(SolutionConfigurationPlatforms) = preSolution
		Debug|Any CPU = Debug|Any CPU
		Release|Any CPU = Release|Any CPU
	EndGlobalSection
	GlobalSection(ProjectConfigurationPlatforms) = postSolution
		{7F4F8DED-DD90-42E0-B2D5-1BCED27C2C76}.Debug|Any CPU.ActiveCfg = Debug|Any CPU
		{7F4F8DED-DD90-42E0-B2D5-1BCED27C2C76}.Debug|Any CPU.Build.0 = Debug|Any CPU
		{7F4F8DED-DD90-42E0-B2D5-1BCED27C2C76}.Release|Any CPU.ActiveCfg = Release|Any CPU
		{7F4F8DED-DD90-42E0-B2D5-1BCED27C2C76}.Release|Any CPU.Build.0 = Release|Any CPU
		{6E68D175-217B-43C3-AD5C-2DE21D071612}.Debug|Any CPU.ActiveCfg = Debug|Any CPU
		{6E68D175-217B-43C3-AD5C-2DE21D071612}.Debug|Any CPU.Build.0 = Debug|Any CPU
		{6E68D175-217B-43C3-AD5C-2DE21D071612}.Release|Any CPU.ActiveCfg = Release|Any CPU
		{6E68D175-217B-43C3-AD5C-2DE21D071612}.Release|Any CPU.Build.0 = Release|Any CPU
	EndGlobalSection
	GlobalSection(SolutionProperties) = preSolution
		HideSolutionNode = FALSE
	EndGlobalSection
	GlobalSection(ExtensibilityGlobals) = postSolution
		SolutionGuid = {76B6480C-27CF-4EE2-A5EA-2DE80C308DEA}
	EndGlobalSection
EndGlobal
